
Microsoft Visual Studio Solution File, Format Version 12.00
# Visual Studio Version 17
VisualStudioVersion = 17.9.34728.123
MinimumVisualStudioVersion = 10.0.40219.1
Project("{FAE04EC0-301F-11D3-BF4B-00C04F79EFBC}") = "paralel", "paralel\paralel.csproj", "{51AE1B24-5BCC-4C7B-8E20-84AD75D228EE}"
EndProject
Global
	GlobalSection(SolutionConfigurationPlatforms) = preSolution
		Debug|Any CPU = Debug|Any CPU
		Release|Any CPU = Release|Any CPU
	EndGlobalSection
	GlobalSection(ProjectConfigurationPlatforms) = postSolution
		{51AE1B24-5BCC-4C7B-8E20-84AD75D228EE}.Debug|Any CPU.ActiveCfg = Debug|Any CPU
		{51AE1B24-5BCC-4C7B-8E20-84AD75D228EE}.Debug|Any CPU.Build.0 = Debug|Any CPU
		{51AE1B24-5BCC-4C7B-8E20-84AD75D228EE}.Release|Any CPU.ActiveCfg = Release|Any CPU
		{51AE1B24-5BCC-4C7B-8E20-84AD75D228EE}.Release|Any CPU.Build.0 = Release|Any CPU
	EndGlobalSection
	GlobalSection(SolutionProperties) = preSolution
		HideSolutionNode = FALSE
	EndGlobalSection
	GlobalSection(ExtensibilityGlobals) = postSolution
		SolutionGuid = {262D0984-FA93-49D8-A9FD-2A361EFE9DB3}
	EndGlobalSection
EndGlobal
